
Microsoft Visual Studio Solution File, Format Version 12.00
# Visual Studio Version 17
VisualStudioVersion = 17.4.33205.214
MinimumVisualStudioVersion = 10.0.40219.1
Project("{FAE04EC0-301F-11D3-BF4B-00C04F79EFBC}") = "BiancaProject", "BiancaProject\BiancaProject.csproj", "{FAC486CE-A03E-4F7F-A4BB-83F8B8CAC58E}"
EndProject
Global
	GlobalSection(SolutionConfigurationPlatforms) = preSolution
		Debug|Any CPU = Debug|Any CPU
		Release|Any CPU = Release|Any CPU
	EndGlobalSection
	GlobalSection(ProjectConfigurationPlatforms) = postSolution
		{FAC486CE-A03E-4F7F-A4BB-83F8B8CAC58E}.Debug|Any CPU.ActiveCfg = Debug|Any CPU
		{FAC486CE-A03E-4F7F-A4BB-83F8B8CAC58E}.Debug|Any CPU.Build.0 = Debug|Any CPU
		{FAC486CE-A03E-4F7F-A4BB-83F8B8CAC58E}.Release|Any CPU.ActiveCfg = Release|Any CPU
		{FAC486CE-A03E-4F7F-A4BB-83F8B8CAC58E}.Release|Any CPU.Build.0 = Release|Any CPU
	EndGlobalSection
	GlobalSection(SolutionProperties) = preSolution
		HideSolutionNode = FALSE
	EndGlobalSection
	GlobalSection(ExtensibilityGlobals) = postSolution
		SolutionGuid = {0CD8F693-75B6-4650-948A-122142BBACD7}
	EndGlobalSection
EndGlobal
